// !$*UTF8*$!
{
	archiveVersion = 1;
	classes = {
	};
	objectVersion = 77;
	objects = {

/* Begin PBXBuildFile section */
		1E3B4D852E432AA9002BAD42 /* Float4x4+Extension.swift in Sources */ = {isa = PBXBuildFile; fileRef = 1E3B4D842E432AA9002BAD42 /* Float4x4+Extension.swift */; };
		1E3B4D912E435831002BAD42 /* ModelLoader.swift in Sources */ = {isa = PBXBuildFile; fileRef = 1E3B4D902E435831002BAD42 /* ModelLoader.swift */; };
		1E3B4D932E435842002BAD42 /* MeshBuffers.swift in Sources */ = {isa = PBXBuildFile; fileRef = 1E3B4D922E435842002BAD42 /* MeshBuffers.swift */; };
		1E3B4D962E435960002BAD42 /* truncated icosahedron.obj in Resources */ = {isa = PBXBuildFile; fileRef = 1E3B4D952E435960002BAD42 /* truncated icosahedron.obj */; };
		1E3B4D982E435AEE002BAD42 /* Light.swift in Sources */ = {isa = PBXBuildFile; fileRef = 1E3B4D972E435AEE002BAD42 /* Light.swift */; };
		1E5B22222E431DD200D5E754 /* Uniforms.swift in Sources */ = {isa = PBXBuildFile; fileRef = 1E5B22212E431DD200D5E754 /* Uniforms.swift */; };
		1E5B222F2E4329A100D5E754 /* Camera.swift in Sources */ = {isa = PBXBuildFile; fileRef = 1E5B222E2E4329A100D5E754 /* Camera.swift */; };
		1E5B22332E4329DC00D5E754 /* LookAt.swift in Sources */ = {isa = PBXBuildFile; fileRef = 1E5B22322E4329DC00D5E754 /* LookAt.swift */; };
		1E9286212E432A16007D33BE /* Perspective.swift in Sources */ = {isa = PBXBuildFile; fileRef = 1E9286202E432A16007D33BE /* Perspective.swift */; };
		1EEED0412E431A25007D5CF8 /* Assets.xcassets in Resources */ = {isa = PBXBuildFile; fileRef = 1EEED02F2E431A25007D5CF8 /* Assets.xcassets */; };
		1EEED0422E431A25007D5CF8 /* Environment.swift in Sources */ = {isa = PBXBuildFile; fileRef = 1EEED0302E431A25007D5CF8 /* Environment.swift */; };
		1EEED0432E431A25007D5CF8 /* LearnMetalApp.swift in Sources */ = {isa = PBXBuildFile; fileRef = 1EEED0312E431A25007D5CF8 /* LearnMetalApp.swift */; };
		1EEED0442E431A25007D5CF8 /* PlatformCompatibility.swift in Sources */ = {isa = PBXBuildFile; fileRef = 1EEED0322E431A25007D5CF8 /* PlatformCompatibility.swift */; };
		1EEED0462E431A25007D5CF8 /* MTLDevice+Extension.swift in Sources */ = {isa = PBXBuildFile; fileRef = 1EEED0362E431A25007D5CF8 /* MTLDevice+Extension.swift */; };
		1EEED0472E431A25007D5CF8 /* Common.metal in Sources */ = {isa = PBXBuildFile; fileRef = 1EEED0392E431A25007D5CF8 /* Common.metal */; };
		1EEED0482E431A25007D5CF8 /* FragmentShader.metal in Sources */ = {isa = PBXBuildFile; fileRef = 1EEED03A2E431A25007D5CF8 /* FragmentShader.metal */; };
		1EEED0492E431A25007D5CF8 /* VertexShader.metal in Sources */ = {isa = PBXBuildFile; fileRef = 1EEED03B2E431A25007D5CF8 /* VertexShader.metal */; };
		1EEED04A2E431A25007D5CF8 /* MetalView.swift in Sources */ = {isa = PBXBuildFile; fileRef = 1EEED03D2E431A25007D5CF8 /* MetalView.swift */; };
		1EEED04B2E431A25007D5CF8 /* Renderer.swift in Sources */ = {isa = PBXBuildFile; fileRef = 1EEED03E2E431A25007D5CF8 /* Renderer.swift */; };
/* End PBXBuildFile section */

/* Begin PBXFileReference section */
		1E3B4D842E432AA9002BAD42 /* Float4x4+Extension.swift */ = {isa = PBXFileReference; lastKnownFileType = sourcecode.swift; path = "Float4x4+Extension.swift"; sourceTree = "<group>"; };
		1E3B4D902E435831002BAD42 /* ModelLoader.swift */ = {isa = PBXFileReference; lastKnownFileType = sourcecode.swift; path = ModelLoader.swift; sourceTree = "<group>"; };
		1E3B4D922E435842002BAD42 /* MeshBuffers.swift */ = {isa = PBXFileReference; lastKnownFileType = sourcecode.swift; path = MeshBuffers.swift; sourceTree = "<group>"; };
		1E3B4D952E435960002BAD42 /* truncated icosahedron.obj */ = {isa = PBXFileReference; lastKnownFileType = text; path = "truncated icosahedron.obj"; sourceTree = "<group>"; };
		1E3B4D972E435AEE002BAD42 /* Light.swift */ = {isa = PBXFileReference; lastKnownFileType = sourcecode.swift; path = Light.swift; sourceTree = "<group>"; };
		1E5B22212E431DD200D5E754 /* Uniforms.swift */ = {isa = PBXFileReference; lastKnownFileType = sourcecode.swift; path = Uniforms.swift; sourceTree = "<group>"; };
		1E5B222E2E4329A100D5E754 /* Camera.swift */ = {isa = PBXFileReference; lastKnownFileType = sourcecode.swift; path = Camera.swift; sourceTree = "<group>"; };
		1E5B22322E4329DC00D5E754 /* LookAt.swift */ = {isa = PBXFileReference; lastKnownFileType = sourcecode.swift; path = LookAt.swift; sourceTree = "<group>"; };
		1E9286202E432A16007D33BE /* Perspective.swift */ = {isa = PBXFileReference; lastKnownFileType = sourcecode.swift; path = Perspective.swift; sourceTree = "<group>"; };
		1EEECFE52E43195C007D5CF8 /* LearnMetal.app */ = {isa = PBXFileReference; explicitFileType = wrapper.application; includeInIndex = 0; path = LearnMetal.app; sourceTree = BUILT_PRODUCTS_DIR; };
		1EEED02F2E431A25007D5CF8 /* Assets.xcassets */ = {isa = PBXFileReference; lastKnownFileType = folder.assetcatalog; path = Assets.xcassets; sourceTree = "<group>"; };
		1EEED0302E431A25007D5CF8 /* Environment.swift */ = {isa = PBXFileReference; lastKnownFileType = sourcecode.swift; path = Environment.swift; sourceTree = "<group>"; };
		1EEED0312E431A25007D5CF8 /* LearnMetalApp.swift */ = {isa = PBXFileReference; lastKnownFileType = sourcecode.swift; path = LearnMetalApp.swift; sourceTree = "<group>"; };
		1EEED0322E431A25007D5CF8 /* PlatformCompatibility.swift */ = {isa = PBXFileReference; lastKnownFileType = sourcecode.swift; path = PlatformCompatibility.swift; sourceTree = "<group>"; };
		1EEED0362E431A25007D5CF8 /* MTLDevice+Extension.swift */ = {isa = PBXFileReference; lastKnownFileType = sourcecode.swift; path = "MTLDevice+Extension.swift"; sourceTree = "<group>"; };
		1EEED0392E431A25007D5CF8 /* Common.metal */ = {isa = PBXFileReference; lastKnownFileType = sourcecode.metal; path = Common.metal; sourceTree = "<group>"; };
		1EEED03A2E431A25007D5CF8 /* FragmentShader.metal */ = {isa = PBXFileReference; lastKnownFileType = sourcecode.metal; path = FragmentShader.metal; sourceTree = "<group>"; };
		1EEED03B2E431A25007D5CF8 /* VertexShader.metal */ = {isa = PBXFileReference; lastKnownFileType = sourcecode.metal; path = VertexShader.metal; sourceTree = "<group>"; };
		1EEED03D2E431A25007D5CF8 /* MetalView.swift */ = {isa = PBXFileReference; lastKnownFileType = sourcecode.swift; path = MetalView.swift; sourceTree = "<group>"; };
		1EEED03E2E431A25007D5CF8 /* Renderer.swift */ = {isa = PBXFileReference; lastKnownFileType = sourcecode.swift; path = Renderer.swift; sourceTree = "<group>"; };
/* End PBXFileReference section */

/* Begin PBXFrameworksBuildPhase section */
		1EEECFE22E43195C007D5CF8 /* Frameworks */ = {
			isa = PBXFrameworksBuildPhase;
			buildActionMask = 2147483647;
			files = (
			);
			runOnlyForDeploymentPostprocessing = 0;
		};
/* End PBXFrameworksBuildPhase section */

/* Begin PBXGroup section */
		1E3B4D8F2E4357DD002BAD42 /* Module */ = {
			isa = PBXGroup;
			children = (
				1E3B4D902E435831002BAD42 /* ModelLoader.swift */,
			);
			path = Module;
			sourceTree = "<group>";
		};
		1E3B4D942E435951002BAD42 /* Assets */ = {
			isa = PBXGroup;
			children = (
				1E3B4D952E435960002BAD42 /* truncated icosahedron.obj */,
			);
			path = Assets;
			sourceTree = "<group>";
		};
		1E5B22312E4329CC00D5E754 /* Math */ = {
			isa = PBXGroup;
			children = (
				1E5B22322E4329DC00D5E754 /* LookAt.swift */,
				1E9286202E432A16007D33BE /* Perspective.swift */,
			);
			path = Math;
			sourceTree = "<group>";
		};
		1EEECFDC2E43195C007D5CF8 = {
			isa = PBXGroup;
			children = (
				1EEED0402E431A25007D5CF8 /* LearnMetal */,
				1EEECFE62E43195C007D5CF8 /* Products */,
			);
			sourceTree = "<group>";
		};
		1EEECFE62E43195C007D5CF8 /* Products */ = {
			isa = PBXGroup;
			children = (
				1EEECFE52E43195C007D5CF8 /* LearnMetal.app */,
			);
			name = Products;
			sourceTree = "<group>";
		};
		1EEED0332E431A25007D5CF8 /* App */ = {
			isa = PBXGroup;
			children = (
				1EEED02F2E431A25007D5CF8 /* Assets.xcassets */,
				1EEED0312E431A25007D5CF8 /* LearnMetalApp.swift */,
				1EEED0302E431A25007D5CF8 /* Environment.swift */,
				1EEED0322E431A25007D5CF8 /* PlatformCompatibility.swift */,
			);
			path = App;
			sourceTree = "<group>";
		};
		1EEED0352E431A25007D5CF8 /* DataModel */ = {
			isa = PBXGroup;
			children = (
				1E5B222E2E4329A100D5E754 /* Camera.swift */,
				1E3B4D972E435AEE002BAD42 /* Light.swift */,
				1E3B4D922E435842002BAD42 /* MeshBuffers.swift */,
				1E5B22212E431DD200D5E754 /* Uniforms.swift */,
			);
			path = DataModel;
			sourceTree = "<group>";
		};
		1EEED0372E431A25007D5CF8 /* Extensions */ = {
			isa = PBXGroup;
			children = (
				1EEED0362E431A25007D5CF8 /* MTLDevice+Extension.swift */,
				1E3B4D842E432AA9002BAD42 /* Float4x4+Extension.swift */,
			);
			path = Extensions;
			sourceTree = "<group>";
		};
		1EEED03C2E431A25007D5CF8 /* Shader */ = {
			isa = PBXGroup;
			children = (
				1EEED0392E431A25007D5CF8 /* Common.metal */,
				1EEED03B2E431A25007D5CF8 /* VertexShader.metal */,
				1EEED03A2E431A25007D5CF8 /* FragmentShader.metal */,
			);
			path = Shader;
			sourceTree = "<group>";
		};
		1EEED03F2E431A25007D5CF8 /* View */ = {
			isa = PBXGroup;
			children = (
				1EEED03D2E431A25007D5CF8 /* MetalView.swift */,
				1EEED03E2E431A25007D5CF8 /* Renderer.swift */,
			);
			path = View;
			sourceTree = "<group>";
		};
		1EEED0402E431A25007D5CF8 /* LearnMetal */ = {
			isa = PBXGroup;
			children = (
				1EEED0332E431A25007D5CF8 /* App */,
				1EEED03F2E431A25007D5CF8 /* View */,
				1EEED03C2E431A25007D5CF8 /* Shader */,
				1EEED0352E431A25007D5CF8 /* DataModel */,
				1E5B22312E4329CC00D5E754 /* Math */,
				1E3B4D8F2E4357DD002BAD42 /* Module */,
				1EEED0372E431A25007D5CF8 /* Extensions */,
				1E3B4D942E435951002BAD42 /* Assets */,
			);
			path = LearnMetal;
			sourceTree = "<group>";
		};
/* End PBXGroup section */

/* Begin PBXNativeTarget section */
		1EEECFE42E43195C007D5CF8 /* LearnMetal */ = {
			isa = PBXNativeTarget;
			buildConfigurationList = 1EEECFF02E43195D007D5CF8 /* Build configuration list for PBXNativeTarget "LearnMetal" */;
			buildPhases = (
				1EEECFE12E43195C007D5CF8 /* Sources */,
				1EEECFE22E43195C007D5CF8 /* Frameworks */,
				1EEECFE32E43195C007D5CF8 /* Resources */,
			);
			buildRules = (
			);
			dependencies = (
			);
			name = LearnMetal;
			packageProductDependencies = (
			);
			productName = LearnMetal;
			productReference = 1EEECFE52E43195C007D5CF8 /* LearnMetal.app */;
			productType = "com.apple.product-type.application";
		};
/* End PBXNativeTarget section */

/* Begin PBXProject section */
		1EEECFDD2E43195C007D5CF8 /* Project object */ = {
			isa = PBXProject;
			attributes = {
				BuildIndependentTargetsInParallel = 1;
				LastSwiftUpdateCheck = 2600;
				LastUpgradeCheck = 2600;
				TargetAttributes = {
					1EEECFE42E43195C007D5CF8 = {
						CreatedOnToolsVersion = 26.0;
					};
				};
			};
			buildConfigurationList = 1EEECFE02E43195C007D5CF8 /* Build configuration list for PBXProject "LearnMetal" */;
			developmentRegion = en;
			hasScannedForEncodings = 0;
			knownRegions = (
				en,
				Base,
			);
			mainGroup = 1EEECFDC2E43195C007D5CF8;
			minimizedProjectReferenceProxies = 1;
			preferredProjectObjectVersion = 77;
			productRefGroup = 1EEECFE62E43195C007D5CF8 /* Products */;
			projectDirPath = "";
			projectRoot = "";
			targets = (
				1EEECFE42E43195C007D5CF8 /* LearnMetal */,
			);
		};
/* End PBXProject section */

/* Begin PBXResourcesBuildPhase section */
		1EEECFE32E43195C007D5CF8 /* Resources */ = {
			isa = PBXResourcesBuildPhase;
			buildActionMask = 2147483647;
			files = (
				1EEED0412E431A25007D5CF8 /* Assets.xcassets in Resources */,
				1E3B4D962E435960002BAD42 /* truncated icosahedron.obj in Resources */,
			);
			runOnlyForDeploymentPostprocessing = 0;
		};
/* End PBXResourcesBuildPhase section */

/* Begin PBXSourcesBuildPhase section */
		1EEECFE12E43195C007D5CF8 /* Sources */ = {
			isa = PBXSourcesBuildPhase;
			buildActionMask = 2147483647;
			files = (
				1E5B22332E4329DC00D5E754 /* LookAt.swift in Sources */,
				1E3B4D852E432AA9002BAD42 /* Float4x4+Extension.swift in Sources */,
				1E3B4D982E435AEE002BAD42 /* Light.swift in Sources */,
				1EEED0422E431A25007D5CF8 /* Environment.swift in Sources */,
				1EEED0432E431A25007D5CF8 /* LearnMetalApp.swift in Sources */,
				1E3B4D912E435831002BAD42 /* ModelLoader.swift in Sources */,
				1EEED0442E431A25007D5CF8 /* PlatformCompatibility.swift in Sources */,
				1EEED0462E431A25007D5CF8 /* MTLDevice+Extension.swift in Sources */,
				1EEED0472E431A25007D5CF8 /* Common.metal in Sources */,
				1EEED0482E431A25007D5CF8 /* FragmentShader.metal in Sources */,
				1EEED0492E431A25007D5CF8 /* VertexShader.metal in Sources */,
				1E5B222F2E4329A100D5E754 /* Camera.swift in Sources */,
				1EEED04A2E431A25007D5CF8 /* MetalView.swift in Sources */,
				1E3B4D932E435842002BAD42 /* MeshBuffers.swift in Sources */,
				1E5B22222E431DD200D5E754 /* Uniforms.swift in Sources */,
				1E9286212E432A16007D33BE /* Perspective.swift in Sources */,
				1EEED04B2E431A25007D5CF8 /* Renderer.swift in Sources */,
			);
			runOnlyForDeploymentPostprocessing = 0;
		};
/* End PBXSourcesBuildPhase section */

/* Begin XCBuildConfiguration section */
		1EEECFEE2E43195D007D5CF8 /* Debug */ = {
			isa = XCBuildConfiguration;
			buildSettings = {
				ALWAYS_SEARCH_USER_PATHS = NO;
				ASSETCATALOG_COMPILER_GENERATE_SWIFT_ASSET_SYMBOL_EXTENSIONS = YES;
				CLANG_ANALYZER_NONNULL = YES;
				CLANG_ANALYZER_NUMBER_OBJECT_CONVERSION = YES_AGGRESSIVE;
				CLANG_CXX_LANGUAGE_STANDARD = "gnu++20";
				CLANG_ENABLE_MODULES = YES;
				CLANG_ENABLE_OBJC_ARC = YES;
				CLANG_ENABLE_OBJC_WEAK = YES;
				CLANG_WARN_BLOCK_CAPTURE_AUTORELEASING = YES;
				CLANG_WARN_BOOL_CONVERSION = YES;
				CLANG_WARN_COMMA = YES;
				CLANG_WARN_CONSTANT_CONVERSION = YES;
				CLANG_WARN_DEPRECATED_OBJC_IMPLEMENTATIONS = YES;
				CLANG_WARN_DIRECT_OBJC_ISA_USAGE = YES_ERROR;
				CLANG_WARN_DOCUMENTATION_COMMENTS = YES;
				CLANG_WARN_EMPTY_BODY = YES;
				CLANG_WARN_ENUM_CONVERSION = YES;
				CLANG_WARN_INFINITE_RECURSION = YES;
				CLANG_WARN_INT_CONVERSION = YES;
				CLANG_WARN_NON_LITERAL_NULL_CONVERSION = YES;
				CLANG_WARN_OBJC_IMPLICIT_RETAIN_SELF = YES;
				CLANG_WARN_OBJC_LITERAL_CONVERSION = YES;
				CLANG_WARN_OBJC_ROOT_CLASS = YES_ERROR;
				CLANG_WARN_QUOTED_INCLUDE_IN_FRAMEWORK_HEADER = YES;
				CLANG_WARN_RANGE_LOOP_ANALYSIS = YES;
				CLANG_WARN_STRICT_PROTOTYPES = YES;
				CLANG_WARN_SUSPICIOUS_MOVE = YES;
				CLANG_WARN_UNGUARDED_AVAILABILITY = YES_AGGRESSIVE;
				CLANG_WARN_UNREACHABLE_CODE = YES;
				CLANG_WARN__DUPLICATE_METHOD_MATCH = YES;
				COPY_PHASE_STRIP = NO;
				DEBUG_INFORMATION_FORMAT = dwarf;
				DEVELOPMENT_TEAM = 64LD36RK69;
				ENABLE_STRICT_OBJC_MSGSEND = YES;
				ENABLE_TESTABILITY = YES;
				ENABLE_USER_SCRIPT_SANDBOXING = YES;
				GCC_C_LANGUAGE_STANDARD = gnu17;
				GCC_DYNAMIC_NO_PIC = NO;
				GCC_NO_COMMON_BLOCKS = YES;
				GCC_OPTIMIZATION_LEVEL = 0;
				GCC_PREPROCESSOR_DEFINITIONS = (
					"DEBUG=1",
					"$(inherited)",
				);
				GCC_WARN_64_TO_32_BIT_CONVERSION = YES;
				GCC_WARN_ABOUT_RETURN_TYPE = YES_ERROR;
				GCC_WARN_UNDECLARED_SELECTOR = YES;
				GCC_WARN_UNINITIALIZED_AUTOS = YES_AGGRESSIVE;
				GCC_WARN_UNUSED_FUNCTION = YES;
				GCC_WARN_UNUSED_VARIABLE = YES;
				IPHONEOS_DEPLOYMENT_TARGET = 26.0;
				LOCALIZATION_PREFERS_STRING_CATALOGS = YES;
				MTL_ENABLE_DEBUG_INFO = INCLUDE_SOURCE;
				MTL_FAST_MATH = YES;
				ONLY_ACTIVE_ARCH = YES;
				SDKROOT = iphoneos;
				SWIFT_ACTIVE_COMPILATION_CONDITIONS = "DEBUG $(inherited)";
				SWIFT_OPTIMIZATION_LEVEL = "-Onone";
			};
			name = Debug;
		};
		1EEECFEF2E43195D007D5CF8 /* Release */ = {
			isa = XCBuildConfiguration;
			buildSettings = {
				ALWAYS_SEARCH_USER_PATHS = NO;
				ASSETCATALOG_COMPILER_GENERATE_SWIFT_ASSET_SYMBOL_EXTENSIONS = YES;
				CLANG_ANALYZER_NONNULL = YES;
				CLANG_ANALYZER_NUMBER_OBJECT_CONVERSION = YES_AGGRESSIVE;
				CLANG_CXX_LANGUAGE_STANDARD = "gnu++20";
				CLANG_ENABLE_MODULES = YES;
				CLANG_ENABLE_OBJC_ARC = YES;
				CLANG_ENABLE_OBJC_WEAK = YES;
				CLANG_WARN_BLOCK_CAPTURE_AUTORELEASING = YES;
				CLANG_WARN_BOOL_CONVERSION = YES;
				CLANG_WARN_COMMA = YES;
				CLANG_WARN_CONSTANT_CONVERSION = YES;
				CLANG_WARN_DEPRECATED_OBJC_IMPLEMENTATIONS = YES;
				CLANG_WARN_DIRECT_OBJC_ISA_USAGE = YES_ERROR;
				CLANG_WARN_DOCUMENTATION_COMMENTS = YES;
				CLANG_WARN_EMPTY_BODY = YES;
				CLANG_WARN_ENUM_CONVERSION = YES;
				CLANG_WARN_INFINITE_RECURSION = YES;
				CLANG_WARN_INT_CONVERSION = YES;
				CLANG_WARN_NON_LITERAL_NULL_CONVERSION = YES;
				CLANG_WARN_OBJC_IMPLICIT_RETAIN_SELF = YES;
				CLANG_WARN_OBJC_LITERAL_CONVERSION = YES;
				CLANG_WARN_OBJC_ROOT_CLASS = YES_ERROR;
				CLANG_WARN_QUOTED_INCLUDE_IN_FRAMEWORK_HEADER = YES;
				CLANG_WARN_RANGE_LOOP_ANALYSIS = YES;
				CLANG_WARN_STRICT_PROTOTYPES = YES;
				CLANG_WARN_SUSPICIOUS_MOVE = YES;
				CLANG_WARN_UNGUARDED_AVAILABILITY = YES_AGGRESSIVE;
				CLANG_WARN_UNREACHABLE_CODE = YES;
				CLANG_WARN__DUPLICATE_METHOD_MATCH = YES;
				COPY_PHASE_STRIP = NO;
				DEBUG_INFORMATION_FORMAT = "dwarf-with-dsym";
				DEVELOPMENT_TEAM = 64LD36RK69;
				ENABLE_NS_ASSERTIONS = NO;
				ENABLE_STRICT_OBJC_MSGSEND = YES;
				ENABLE_USER_SCRIPT_SANDBOXING = YES;
				GCC_C_LANGUAGE_STANDARD = gnu17;
				GCC_NO_COMMON_BLOCKS = YES;
				GCC_WARN_64_TO_32_BIT_CONVERSION = YES;
				GCC_WARN_ABOUT_RETURN_TYPE = YES_ERROR;
				GCC_WARN_UNDECLARED_SELECTOR = YES;
				GCC_WARN_UNINITIALIZED_AUTOS = YES_AGGRESSIVE;
				GCC_WARN_UNUSED_FUNCTION = YES;
				GCC_WARN_UNUSED_VARIABLE = YES;
				IPHONEOS_DEPLOYMENT_TARGET = 26.0;
				LOCALIZATION_PREFERS_STRING_CATALOGS = YES;
				MTL_ENABLE_DEBUG_INFO = NO;
				MTL_FAST_MATH = YES;
				SDKROOT = iphoneos;
				SWIFT_COMPILATION_MODE = wholemodule;
				VALIDATE_PRODUCT = YES;
			};
			name = Release;
		};
		1EEECFF12E43195D007D5CF8 /* Debug */ = {
			isa = XCBuildConfiguration;
			buildSettings = {
				ASSETCATALOG_COMPILER_APPICON_NAME = AppIcon;
				ASSETCATALOG_COMPILER_GLOBAL_ACCENT_COLOR_NAME = AccentColor;
				CODE_SIGN_STYLE = Automatic;
				CURRENT_PROJECT_VERSION = 1;
				DEVELOPMENT_TEAM = 64LD36RK69;
				ENABLE_APP_SANDBOX = YES;
				ENABLE_HARDENED_RUNTIME = YES;
				ENABLE_OUTGOING_NETWORK_CONNECTIONS = YES;
				ENABLE_PREVIEWS = YES;
				GENERATE_INFOPLIST_FILE = YES;
				INFOPLIST_KEY_UIApplicationSceneManifest_Generation = YES;
				INFOPLIST_KEY_UIApplicationSupportsIndirectInputEvents = YES;
				INFOPLIST_KEY_UILaunchScreen_Generation = YES;
				INFOPLIST_KEY_UISupportedInterfaceOrientations_iPad = "UIInterfaceOrientationPortrait UIInterfaceOrientationPortraitUpsideDown UIInterfaceOrientationLandscapeLeft UIInterfaceOrientationLandscapeRight";
				INFOPLIST_KEY_UISupportedInterfaceOrientations_iPhone = "UIInterfaceOrientationPortrait UIInterfaceOrientationLandscapeLeft UIInterfaceOrientationLandscapeRight";
				LD_RUNPATH_SEARCH_PATHS = (
					"$(inherited)",
					"@executable_path/Frameworks",
				);
				MACOSX_DEPLOYMENT_TARGET = 26.0;
				MARKETING_VERSION = 1.0;
				PRODUCT_BUNDLE_IDENTIFIER = GH.LearnMetal;
				PRODUCT_NAME = "$(TARGET_NAME)";
				REGISTER_APP_GROUPS = YES;
				STRING_CATALOG_GENERATE_SYMBOLS = YES;
				SUPPORTED_PLATFORMS = "iphoneos iphonesimulator macosx";
				SUPPORTS_MACCATALYST = NO;
				SUPPORTS_MAC_DESIGNED_FOR_IPHONE_IPAD = NO;
				SUPPORTS_XR_DESIGNED_FOR_IPHONE_IPAD = NO;
				SWIFT_APPROACHABLE_CONCURRENCY = YES;
				SWIFT_DEFAULT_ACTOR_ISOLATION = MainActor;
				SWIFT_EMIT_LOC_STRINGS = YES;
				SWIFT_UPCOMING_FEATURE_MEMBER_IMPORT_VISIBILITY = YES;
				SWIFT_VERSION = 5.0;
				TARGETED_DEVICE_FAMILY = "1,2";
			};
			name = Debug;
		};
		1EEECFF22E43195D007D5CF8 /* Release */ = {
			isa = XCBuildConfiguration;
			buildSettings = {
				ASSETCATALOG_COMPILER_APPICON_NAME = AppIcon;
				ASSETCATALOG_COMPILER_GLOBAL_ACCENT_COLOR_NAME = AccentColor;
				CODE_SIGN_STYLE = Automatic;
				CURRENT_PROJECT_VERSION = 1;
				DEVELOPMENT_TEAM = 64LD36RK69;
				ENABLE_APP_SANDBOX = YES;
				ENABLE_HARDENED_RUNTIME = YES;
				ENABLE_OUTGOING_NETWORK_CONNECTIONS = YES;
				ENABLE_PREVIEWS = YES;
				GENERATE_INFOPLIST_FILE = YES;
				INFOPLIST_KEY_UIApplicationSceneManifest_Generation = YES;
				INFOPLIST_KEY_UIApplicationSupportsIndirectInputEvents = YES;
				INFOPLIST_KEY_UILaunchScreen_Generation = YES;
				INFOPLIST_KEY_UISupportedInterfaceOrientations_iPad = "UIInterfaceOrientationPortrait UIInterfaceOrientationPortraitUpsideDown UIInterfaceOrientationLandscapeLeft UIInterfaceOrientationLandscapeRight";
				INFOPLIST_KEY_UISupportedInterfaceOrientations_iPhone = "UIInterfaceOrientationPortrait UIInterfaceOrientationLandscapeLeft UIInterfaceOrientationLandscapeRight";
				LD_RUNPATH_SEARCH_PATHS = (
					"$(inherited)",
					"@executable_path/Frameworks",
				);
				MACOSX_DEPLOYMENT_TARGET = 26.0;
				MARKETING_VERSION = 1.0;
				PRODUCT_BUNDLE_IDENTIFIER = GH.LearnMetal;
				PRODUCT_NAME = "$(TARGET_NAME)";
				REGISTER_APP_GROUPS = YES;
				STRING_CATALOG_GENERATE_SYMBOLS = YES;
				SUPPORTED_PLATFORMS = "iphoneos iphonesimulator macosx";
				SUPPORTS_MACCATALYST = NO;
				SUPPORTS_MAC_DESIGNED_FOR_IPHONE_IPAD = NO;
				SUPPORTS_XR_DESIGNED_FOR_IPHONE_IPAD = NO;
				SWIFT_APPROACHABLE_CONCURRENCY = YES;
				SWIFT_DEFAULT_ACTOR_ISOLATION = MainActor;
				SWIFT_EMIT_LOC_STRINGS = YES;
				SWIFT_UPCOMING_FEATURE_MEMBER_IMPORT_VISIBILITY = YES;
				SWIFT_VERSION = 5.0;
				TARGETED_DEVICE_FAMILY = "1,2";
			};
			name = Release;
		};
/* End XCBuildConfiguration section */

/* Begin XCConfigurationList section */
		1EEECFE02E43195C007D5CF8 /* Build configuration list for PBXProject "LearnMetal" */ = {
			isa = XCConfigurationList;
			buildConfigurations = (
				1EEECFEE2E43195D007D5CF8 /* Debug */,
				1EEECFEF2E43195D007D5CF8 /* Release */,
			);
			defaultConfigurationIsVisible = 0;
			defaultConfigurationName = Release;
		};
		1EEECFF02E43195D007D5CF8 /* Build configuration list for PBXNativeTarget "LearnMetal" */ = {
			isa = XCConfigurationList;
			buildConfigurations = (
				1EEECFF12E43195D007D5CF8 /* Debug */,
				1EEECFF22E43195D007D5CF8 /* Release */,
			);
			defaultConfigurationIsVisible = 0;
			defaultConfigurationName = Release;
		};
/* End XCConfigurationList section */
	};
	rootObject = 1EEECFDD2E43195C007D5CF8 /* Project object */;
}
